
Microsoft Visual Studio Solution File, Format Version 12.00
# Visual Studio 15
VisualStudioVersion = 15.0.28307.902
MinimumVisualStudioVersion = 10.0.40219.1
Project("{FAE04EC0-301F-11D3-BF4B-00C04F79EFBC}") = "Averages", "Averages.csproj", "{0BE76D08-F742-43DB-853B-A714CDB9EB67}"
EndProject
Global
	GlobalSection(SolutionConfigurationPlatforms) = preSolution
		Debug|Any CPU = Debug|Any CPU
		Release|Any CPU = Release|Any CPU
	EndGlobalSection
	GlobalSection(ProjectConfigurationPlatforms) = postSolution
		{0BE76D08-F742-43DB-853B-A714CDB9EB67}.Debug|Any CPU.ActiveCfg = Debug|Any CPU
		{0BE76D08-F742-43DB-853B-A714CDB9EB67}.Debug|Any CPU.Build.0 = Debug|Any CPU
		{0BE76D08-F742-43DB-853B-A714CDB9EB67}.Release|Any CPU.ActiveCfg = Release|Any CPU
		{0BE76D08-F742-43DB-853B-A714CDB9EB67}.Release|Any CPU.Build.0 = Release|Any CPU
	EndGlobalSection
	GlobalSection(SolutionProperties) = preSolution
		HideSolutionNode = FALSE
	EndGlobalSection
	GlobalSection(ExtensibilityGlobals) = postSolution
		SolutionGuid = {95D316E2-EA34-44CE-ACC7-21DBDCF76249}
	EndGlobalSection
EndGlobal
