
Microsoft Visual Studio Solution File, Format Version 12.00
# Visual Studio 15
VisualStudioVersion = 15.0.28307.902
MinimumVisualStudioVersion = 10.0.40219.1
Project("{00D1A9C2-B5F0-4AF3-8072-F6C62B433612}") = "Staging", "Staging\Staging.sqlproj", "{C1C95680-8D20-4254-AB3D-B8734204C254}"
EndProject
Global
	GlobalSection(SolutionConfigurationPlatforms) = preSolution
		Debug|Any CPU = Debug|Any CPU
		Release|Any CPU = Release|Any CPU
	EndGlobalSection
	GlobalSection(ProjectConfigurationPlatforms) = postSolution
		{C1C95680-8D20-4254-AB3D-B8734204C254}.Debug|Any CPU.ActiveCfg = Debug|Any CPU
		{C1C95680-8D20-4254-AB3D-B8734204C254}.Debug|Any CPU.Build.0 = Debug|Any CPU
		{C1C95680-8D20-4254-AB3D-B8734204C254}.Debug|Any CPU.Deploy.0 = Debug|Any CPU
		{C1C95680-8D20-4254-AB3D-B8734204C254}.Release|Any CPU.ActiveCfg = Release|Any CPU
		{C1C95680-8D20-4254-AB3D-B8734204C254}.Release|Any CPU.Build.0 = Release|Any CPU
		{C1C95680-8D20-4254-AB3D-B8734204C254}.Release|Any CPU.Deploy.0 = Release|Any CPU
	EndGlobalSection
	GlobalSection(SolutionProperties) = preSolution
		HideSolutionNode = FALSE
	EndGlobalSection
	GlobalSection(ExtensibilityGlobals) = postSolution
		SolutionGuid = {B5BEC812-7CB6-403D-88ED-E01C8EC2BB17}
	EndGlobalSection
EndGlobal
