
Microsoft Visual Studio Solution File, Format Version 12.00
# Visual Studio Version 17
VisualStudioVersion = 17.4.33403.182
MinimumVisualStudioVersion = 10.0.40219.1
Project("{FAE04EC0-301F-11D3-BF4B-00C04F79EFBC}") = "Nord.Web", "Nord.Web\Nord.Web.csproj", "{96B3C1AA-0AC6-456F-BA63-A591941AC925}"
EndProject
Global
	GlobalSection(SolutionConfigurationPlatforms) = preSolution
		Debug|Any CPU = Debug|Any CPU
		Release|Any CPU = Release|Any CPU
	EndGlobalSection
	GlobalSection(ProjectConfigurationPlatforms) = postSolution
		{96B3C1AA-0AC6-456F-BA63-A591941AC925}.Debug|Any CPU.ActiveCfg = Debug|Any CPU
		{96B3C1AA-0AC6-456F-BA63-A591941AC925}.Debug|Any CPU.Build.0 = Debug|Any CPU
		{96B3C1AA-0AC6-456F-BA63-A591941AC925}.Release|Any CPU.ActiveCfg = Release|Any CPU
		{96B3C1AA-0AC6-456F-BA63-A591941AC925}.Release|Any CPU.Build.0 = Release|Any CPU
	EndGlobalSection
	GlobalSection(SolutionProperties) = preSolution
		HideSolutionNode = FALSE
	EndGlobalSection
	GlobalSection(ExtensibilityGlobals) = postSolution
		SolutionGuid = {9297F775-26B9-4101-A283-F6677B5F2B8D}
	EndGlobalSection
EndGlobal
