
Microsoft Visual Studio Solution File, Format Version 12.00
# Visual Studio Version 17
VisualStudioVersion = 17.11.35327.3
MinimumVisualStudioVersion = 10.0.40219.1
Project("{FAE04EC0-301F-11D3-BF4B-00C04F79EFBC}") = "Company.Web", "Company.Web\Company.Web.csproj", "{1768B4B8-6808-404A-ADA3-538162B09154}"
EndProject
Global
	GlobalSection(SolutionConfigurationPlatforms) = preSolution
		Debug|Any CPU = Debug|Any CPU
		Release|Any CPU = Release|Any CPU
	EndGlobalSection
	GlobalSection(ProjectConfigurationPlatforms) = postSolution
		{1768B4B8-6808-404A-ADA3-538162B09154}.Debug|Any CPU.ActiveCfg = Debug|Any CPU
		{1768B4B8-6808-404A-ADA3-538162B09154}.Debug|Any CPU.Build.0 = Debug|Any CPU
		{1768B4B8-6808-404A-ADA3-538162B09154}.Release|Any CPU.ActiveCfg = Release|Any CPU
		{1768B4B8-6808-404A-ADA3-538162B09154}.Release|Any CPU.Build.0 = Release|Any CPU
	EndGlobalSection
	GlobalSection(SolutionProperties) = preSolution
		HideSolutionNode = FALSE
	EndGlobalSection
	GlobalSection(ExtensibilityGlobals) = postSolution
		SolutionGuid = {84AFEF54-8581-4869-A0A9-7D388C4334BC}
	EndGlobalSection
EndGlobal
