
Microsoft Visual Studio Solution File, Format Version 12.00
# Visual Studio Version 16
VisualStudioVersion = 16.0.30011.22
MinimumVisualStudioVersion = 10.0.40219.1
Project("{9A19103F-16F7-4668-BE54-9A1E7A4F7556}") = "CoreStore.Web", "CoreStore\CoreStore.Web\CoreStore.Web.csproj", "{C2F820C0-D2EA-4F19-9586-6D2B4262726F}"
EndProject
Project("{00D1A9C2-B5F0-4AF3-8072-F6C62B433612}") = "SQL.Store_Default_v1", "SQL.Store.Default\SQL.Store_Default_v1.sqlproj", "{DC8978A7-7A14-4EFC-A126-E0EADDACA8E2}"
EndProject
Project("{00D1A9C2-B5F0-4AF3-8072-F6C62B433612}") = "SQL.Store_Store_v1", "SQL.Store.Store\SQL.Store_Store_v1.sqlproj", "{E26C17B5-DA5B-4330-BAE3-E6EC14B473CF}"
EndProject
Project("{E53339B2-1760-4266-BCC7-CA923CBCF16C}") = "docker-compose", "docker-compose.dcproj", "{A0934992-9032-4FB2-8685-E76225ED9DB8}"
EndProject
Global
	GlobalSection(SolutionConfigurationPlatforms) = preSolution
		Debug|Any CPU = Debug|Any CPU
		Release|Any CPU = Release|Any CPU
	EndGlobalSection
	GlobalSection(ProjectConfigurationPlatforms) = postSolution
		{C2F820C0-D2EA-4F19-9586-6D2B4262726F}.Debug|Any CPU.ActiveCfg = Debug|Any CPU
		{C2F820C0-D2EA-4F19-9586-6D2B4262726F}.Debug|Any CPU.Build.0 = Debug|Any CPU
		{C2F820C0-D2EA-4F19-9586-6D2B4262726F}.Release|Any CPU.ActiveCfg = Release|Any CPU
		{C2F820C0-D2EA-4F19-9586-6D2B4262726F}.Release|Any CPU.Build.0 = Release|Any CPU
		{DC8978A7-7A14-4EFC-A126-E0EADDACA8E2}.Debug|Any CPU.ActiveCfg = Debug|Any CPU
		{DC8978A7-7A14-4EFC-A126-E0EADDACA8E2}.Debug|Any CPU.Build.0 = Debug|Any CPU
		{DC8978A7-7A14-4EFC-A126-E0EADDACA8E2}.Debug|Any CPU.Deploy.0 = Debug|Any CPU
		{DC8978A7-7A14-4EFC-A126-E0EADDACA8E2}.Release|Any CPU.ActiveCfg = Release|Any CPU
		{DC8978A7-7A14-4EFC-A126-E0EADDACA8E2}.Release|Any CPU.Build.0 = Release|Any CPU
		{DC8978A7-7A14-4EFC-A126-E0EADDACA8E2}.Release|Any CPU.Deploy.0 = Release|Any CPU
		{E26C17B5-DA5B-4330-BAE3-E6EC14B473CF}.Debug|Any CPU.ActiveCfg = Debug|Any CPU
		{E26C17B5-DA5B-4330-BAE3-E6EC14B473CF}.Debug|Any CPU.Build.0 = Debug|Any CPU
		{E26C17B5-DA5B-4330-BAE3-E6EC14B473CF}.Debug|Any CPU.Deploy.0 = Debug|Any CPU
		{E26C17B5-DA5B-4330-BAE3-E6EC14B473CF}.Release|Any CPU.ActiveCfg = Release|Any CPU
		{E26C17B5-DA5B-4330-BAE3-E6EC14B473CF}.Release|Any CPU.Build.0 = Release|Any CPU
		{E26C17B5-DA5B-4330-BAE3-E6EC14B473CF}.Release|Any CPU.Deploy.0 = Release|Any CPU
		{A0934992-9032-4FB2-8685-E76225ED9DB8}.Debug|Any CPU.ActiveCfg = Debug|Any CPU
		{A0934992-9032-4FB2-8685-E76225ED9DB8}.Debug|Any CPU.Build.0 = Debug|Any CPU
		{A0934992-9032-4FB2-8685-E76225ED9DB8}.Release|Any CPU.ActiveCfg = Release|Any CPU
		{A0934992-9032-4FB2-8685-E76225ED9DB8}.Release|Any CPU.Build.0 = Release|Any CPU
	EndGlobalSection
	GlobalSection(SolutionProperties) = preSolution
		HideSolutionNode = FALSE
	EndGlobalSection
	GlobalSection(ExtensibilityGlobals) = postSolution
		SolutionGuid = {837F2095-40E8-4F41-9EF3-30BB29C26124}
	EndGlobalSection
EndGlobal
